// !$*UTF8*$!
{
	archiveVersion = 1;
	classes = {
	};
	objectVersion = 50;
	objects = {

/* Begin PBXBuildFile section */
		B71B875523C14E0D00BA4859 /* UIAlert+Extension.swift in Sources */ = {isa = PBXBuildFile; fileRef = B71B875323C14E0700BA4859 /* UIAlert+Extension.swift */; };
		B73EB1CE23BBE74600081DCD /* QuoteData.swift in Sources */ = {isa = PBXBuildFile; fileRef = B73EB1CD23BBE74600081DCD /* QuoteData.swift */; };
		B73EB1D023BBE8C200081DCD /* NetworkHelper.swift in Sources */ = {isa = PBXBuildFile; fileRef = B73EB1CF23BBE8C200081DCD /* NetworkHelper.swift */; };
		B73EB1D223BBE8CE00081DCD /* AppError.swift in Sources */ = {isa = PBXBuildFile; fileRef = B73EB1D123BBE8CE00081DCD /* AppError.swift */; };
		B73EB1D523BBED3F00081DCD /* QuoteAPI.swift in Sources */ = {isa = PBXBuildFile; fileRef = B73EB1D423BBED3F00081DCD /* QuoteAPI.swift */; };
		B78E9CAD23B5C90500BDCA6A /* AppDelegate.swift in Sources */ = {isa = PBXBuildFile; fileRef = B78E9CAC23B5C90500BDCA6A /* AppDelegate.swift */; };
		B78E9CAF23B5C90500BDCA6A /* SceneDelegate.swift in Sources */ = {isa = PBXBuildFile; fileRef = B78E9CAE23B5C90500BDCA6A /* SceneDelegate.swift */; };
		B78E9CB123B5C90500BDCA6A /* ViewController.swift in Sources */ = {isa = PBXBuildFile; fileRef = B78E9CB023B5C90500BDCA6A /* ViewController.swift */; };
		B78E9CB423B5C90500BDCA6A /* Main.storyboard in Resources */ = {isa = PBXBuildFile; fileRef = B78E9CB223B5C90500BDCA6A /* Main.storyboard */; };
		B78E9CB623B5C90700BDCA6A /* Assets.xcassets in Resources */ = {isa = PBXBuildFile; fileRef = B78E9CB523B5C90700BDCA6A /* Assets.xcassets */; };
		B78E9CB923B5C90700BDCA6A /* LaunchScreen.storyboard in Resources */ = {isa = PBXBuildFile; fileRef = B78E9CB723B5C90700BDCA6A /* LaunchScreen.storyboard */; };
		B78E9CC423B5C90700BDCA6A /* AnimationDemoTests.swift in Sources */ = {isa = PBXBuildFile; fileRef = B78E9CC323B5C90700BDCA6A /* AnimationDemoTests.swift */; };
		B7FF254D23C518E000B01A45 /* PulseController.swift in Sources */ = {isa = PBXBuildFile; fileRef = B7FF254C23C518E000B01A45 /* PulseController.swift */; };
		B7FF254F23C518F900B01A45 /* PulseAnimation.swift in Sources */ = {isa = PBXBuildFile; fileRef = B7FF254E23C518F900B01A45 /* PulseAnimation.swift */; };
/* End PBXBuildFile section */

/* Begin PBXContainerItemProxy section */
		B78E9CC023B5C90700BDCA6A /* PBXContainerItemProxy */ = {
			isa = PBXContainerItemProxy;
			containerPortal = B78E9CA123B5C90500BDCA6A /* Project object */;
			proxyType = 1;
			remoteGlobalIDString = B78E9CA823B5C90500BDCA6A;
			remoteInfo = AnimationDemo;
		};
/* End PBXContainerItemProxy section */

/* Begin PBXFileReference section */
		B71B875323C14E0700BA4859 /* UIAlert+Extension.swift */ = {isa = PBXFileReference; lastKnownFileType = sourcecode.swift; path = "UIAlert+Extension.swift"; sourceTree = "<group>"; };
		B73EB1CD23BBE74600081DCD /* QuoteData.swift */ = {isa = PBXFileReference; lastKnownFileType = sourcecode.swift; path = QuoteData.swift; sourceTree = "<group>"; };
		B73EB1CF23BBE8C200081DCD /* NetworkHelper.swift */ = {isa = PBXFileReference; lastKnownFileType = sourcecode.swift; path = NetworkHelper.swift; sourceTree = "<group>"; };
		B73EB1D123BBE8CE00081DCD /* AppError.swift */ = {isa = PBXFileReference; lastKnownFileType = sourcecode.swift; path = AppError.swift; sourceTree = "<group>"; };
		B73EB1D423BBED3F00081DCD /* QuoteAPI.swift */ = {isa = PBXFileReference; lastKnownFileType = sourcecode.swift; path = QuoteAPI.swift; sourceTree = "<group>"; };
		B78E9CA923B5C90500BDCA6A /* AnimationDemo.app */ = {isa = PBXFileReference; explicitFileType = wrapper.application; includeInIndex = 0; path = AnimationDemo.app; sourceTree = BUILT_PRODUCTS_DIR; };
		B78E9CAC23B5C90500BDCA6A /* AppDelegate.swift */ = {isa = PBXFileReference; lastKnownFileType = sourcecode.swift; path = AppDelegate.swift; sourceTree = "<group>"; };
		B78E9CAE23B5C90500BDCA6A /* SceneDelegate.swift */ = {isa = PBXFileReference; lastKnownFileType = sourcecode.swift; path = SceneDelegate.swift; sourceTree = "<group>"; };
		B78E9CB023B5C90500BDCA6A /* ViewController.swift */ = {isa = PBXFileReference; lastKnownFileType = sourcecode.swift; path = ViewController.swift; sourceTree = "<group>"; };
		B78E9CB323B5C90500BDCA6A /* Base */ = {isa = PBXFileReference; lastKnownFileType = file.storyboard; name = Base; path = Base.lproj/Main.storyboard; sourceTree = "<group>"; };
		B78E9CB523B5C90700BDCA6A /* Assets.xcassets */ = {isa = PBXFileReference; lastKnownFileType = folder.assetcatalog; path = Assets.xcassets; sourceTree = "<group>"; };
		B78E9CB823B5C90700BDCA6A /* Base */ = {isa = PBXFileReference; lastKnownFileType = file.storyboard; name = Base; path = Base.lproj/LaunchScreen.storyboard; sourceTree = "<group>"; };
		B78E9CBA23B5C90700BDCA6A /* Info.plist */ = {isa = PBXFileReference; lastKnownFileType = text.plist.xml; path = Info.plist; sourceTree = "<group>"; };
		B78E9CBF23B5C90700BDCA6A /* AnimationDemoTests.xctest */ = {isa = PBXFileReference; explicitFileType = wrapper.cfbundle; includeInIndex = 0; path = AnimationDemoTests.xctest; sourceTree = BUILT_PRODUCTS_DIR; };
		B78E9CC323B5C90700BDCA6A /* AnimationDemoTests.swift */ = {isa = PBXFileReference; lastKnownFileType = sourcecode.swift; path = AnimationDemoTests.swift; sourceTree = "<group>"; };
		B78E9CC523B5C90700BDCA6A /* Info.plist */ = {isa = PBXFileReference; lastKnownFileType = text.plist.xml; path = Info.plist; sourceTree = "<group>"; };
		B7FF254C23C518E000B01A45 /* PulseController.swift */ = {isa = PBXFileReference; fileEncoding = 4; lastKnownFileType = sourcecode.swift; name = PulseController.swift; path = "../../../../Library/Mobile Documents/com~apple~CloudDocs/.Trash/PulseController.swift"; sourceTree = "<group>"; };
		B7FF254E23C518F900B01A45 /* PulseAnimation.swift */ = {isa = PBXFileReference; lastKnownFileType = sourcecode.swift; path = PulseAnimation.swift; sourceTree = "<group>"; };
/* End PBXFileReference section */

/* Begin PBXFrameworksBuildPhase section */
		B78E9CA623B5C90500BDCA6A /* Frameworks */ = {
			isa = PBXFrameworksBuildPhase;
			buildActionMask = 2147483647;
			files = (
			);
			runOnlyForDeploymentPostprocessing = 0;
		};
		B78E9CBC23B5C90700BDCA6A /* Frameworks */ = {
			isa = PBXFrameworksBuildPhase;
			buildActionMask = 2147483647;
			files = (
			);
			runOnlyForDeploymentPostprocessing = 0;
		};
/* End PBXFrameworksBuildPhase section */

/* Begin PBXGroup section */
		B73EB1D323BBED1B00081DCD /* Network Services */ = {
			isa = PBXGroup;
			children = (
				B73EB1CD23BBE74600081DCD /* QuoteData.swift */,
				B73EB1D123BBE8CE00081DCD /* AppError.swift */,
				B73EB1CF23BBE8C200081DCD /* NetworkHelper.swift */,
				B73EB1D423BBED3F00081DCD /* QuoteAPI.swift */,
			);
			path = "Network Services";
			sourceTree = "<group>";
		};
		B78E9CA023B5C90500BDCA6A = {
			isa = PBXGroup;
			children = (
				B78E9CAB23B5C90500BDCA6A /* AnimationDemo */,
				B78E9CC223B5C90700BDCA6A /* AnimationDemoTests */,
				B78E9CAA23B5C90500BDCA6A /* Products */,
			);
			sourceTree = "<group>";
		};
		B78E9CAA23B5C90500BDCA6A /* Products */ = {
			isa = PBXGroup;
			children = (
				B78E9CA923B5C90500BDCA6A /* AnimationDemo.app */,
				B78E9CBF23B5C90700BDCA6A /* AnimationDemoTests.xctest */,
			);
			name = Products;
			sourceTree = "<group>";
		};
		B78E9CAB23B5C90500BDCA6A /* AnimationDemo */ = {
			isa = PBXGroup;
			children = (
				B73EB1D323BBED1B00081DCD /* Network Services */,
				B7B0349523C4F14800196D5D /* Extensions */,
				B7FF254B23C5183F00B01A45 /* VC's */,
				B78E9CAE23B5C90500BDCA6A /* SceneDelegate.swift */,
				B78E9CAC23B5C90500BDCA6A /* AppDelegate.swift */,
				B78E9CB223B5C90500BDCA6A /* Main.storyboard */,
				B78E9CB523B5C90700BDCA6A /* Assets.xcassets */,
				B78E9CB723B5C90700BDCA6A /* LaunchScreen.storyboard */,
				B78E9CBA23B5C90700BDCA6A /* Info.plist */,
			);
			path = AnimationDemo;
			sourceTree = "<group>";
		};
		B78E9CC223B5C90700BDCA6A /* AnimationDemoTests */ = {
			isa = PBXGroup;
			children = (
				B78E9CC323B5C90700BDCA6A /* AnimationDemoTests.swift */,
				B78E9CC523B5C90700BDCA6A /* Info.plist */,
			);
			path = AnimationDemoTests;
			sourceTree = "<group>";
		};
		B7B0349523C4F14800196D5D /* Extensions */ = {
			isa = PBXGroup;
			children = (
				B71B875323C14E0700BA4859 /* UIAlert+Extension.swift */,
			);
			path = Extensions;
			sourceTree = "<group>";
		};
		B7FF254B23C5183F00B01A45 /* VC's */ = {
			isa = PBXGroup;
			children = (
				B7FF254E23C518F900B01A45 /* PulseAnimation.swift */,
				B7FF254C23C518E000B01A45 /* PulseController.swift */,
				B78E9CB023B5C90500BDCA6A /* ViewController.swift */,
			);
			path = "VC's";
			sourceTree = "<group>";
		};
/* End PBXGroup section */

/* Begin PBXNativeTarget section */
		B78E9CA823B5C90500BDCA6A /* AnimationDemo */ = {
			isa = PBXNativeTarget;
			buildConfigurationList = B78E9CC823B5C90700BDCA6A /* Build configuration list for PBXNativeTarget "AnimationDemo" */;
			buildPhases = (
				B78E9CA523B5C90500BDCA6A /* Sources */,
				B78E9CA623B5C90500BDCA6A /* Frameworks */,
				B78E9CA723B5C90500BDCA6A /* Resources */,
			);
			buildRules = (
			);
			dependencies = (
			);
			name = AnimationDemo;
			productName = AnimationDemo;
			productReference = B78E9CA923B5C90500BDCA6A /* AnimationDemo.app */;
			productType = "com.apple.product-type.application";
		};
		B78E9CBE23B5C90700BDCA6A /* AnimationDemoTests */ = {
			isa = PBXNativeTarget;
			buildConfigurationList = B78E9CCB23B5C90700BDCA6A /* Build configuration list for PBXNativeTarget "AnimationDemoTests" */;
			buildPhases = (
				B78E9CBB23B5C90700BDCA6A /* Sources */,
				B78E9CBC23B5C90700BDCA6A /* Frameworks */,
				B78E9CBD23B5C90700BDCA6A /* Resources */,
			);
			buildRules = (
			);
			dependencies = (
				B78E9CC123B5C90700BDCA6A /* PBXTargetDependency */,
			);
			name = AnimationDemoTests;
			productName = AnimationDemoTests;
			productReference = B78E9CBF23B5C90700BDCA6A /* AnimationDemoTests.xctest */;
			productType = "com.apple.product-type.bundle.unit-test";
		};
/* End PBXNativeTarget section */

/* Begin PBXProject section */
		B78E9CA123B5C90500BDCA6A /* Project object */ = {
			isa = PBXProject;
			attributes = {
				LastSwiftUpdateCheck = 1130;
				LastUpgradeCheck = 1130;
				ORGANIZATIONNAME = "Brendon Cecilio";
				TargetAttributes = {
					B78E9CA823B5C90500BDCA6A = {
						CreatedOnToolsVersion = 11.3;
					};
					B78E9CBE23B5C90700BDCA6A = {
						CreatedOnToolsVersion = 11.3;
						TestTargetID = B78E9CA823B5C90500BDCA6A;
					};
				};
			};
			buildConfigurationList = B78E9CA423B5C90500BDCA6A /* Build configuration list for PBXProject "AnimationDemo" */;
			compatibilityVersion = "Xcode 9.3";
			developmentRegion = en;
			hasScannedForEncodings = 0;
			knownRegions = (
				en,
				Base,
			);
			mainGroup = B78E9CA023B5C90500BDCA6A;
			productRefGroup = B78E9CAA23B5C90500BDCA6A /* Products */;
			projectDirPath = "";
			projectRoot = "";
			targets = (
				B78E9CA823B5C90500BDCA6A /* AnimationDemo */,
				B78E9CBE23B5C90700BDCA6A /* AnimationDemoTests */,
			);
		};
/* End PBXProject section */

/* Begin PBXResourcesBuildPhase section */
		B78E9CA723B5C90500BDCA6A /* Resources */ = {
			isa = PBXResourcesBuildPhase;
			buildActionMask = 2147483647;
			files = (
				B78E9CB923B5C90700BDCA6A /* LaunchScreen.storyboard in Resources */,
				B78E9CB623B5C90700BDCA6A /* Assets.xcassets in Resources */,
				B78E9CB423B5C90500BDCA6A /* Main.storyboard in Resources */,
			);
			runOnlyForDeploymentPostprocessing = 0;
		};
		B78E9CBD23B5C90700BDCA6A /* Resources */ = {
			isa = PBXResourcesBuildPhase;
			buildActionMask = 2147483647;
			files = (
			);
			runOnlyForDeploymentPostprocessing = 0;
		};
/* End PBXResourcesBuildPhase section */

/* Begin PBXSourcesBuildPhase section */
		B78E9CA523B5C90500BDCA6A /* Sources */ = {
			isa = PBXSourcesBuildPhase;
			buildActionMask = 2147483647;
			files = (
				B71B875523C14E0D00BA4859 /* UIAlert+Extension.swift in Sources */,
				B78E9CB123B5C90500BDCA6A /* ViewController.swift in Sources */,
				B78E9CAD23B5C90500BDCA6A /* AppDelegate.swift in Sources */,
				B73EB1D223BBE8CE00081DCD /* AppError.swift in Sources */,
				B73EB1D023BBE8C200081DCD /* NetworkHelper.swift in Sources */,
				B7FF254D23C518E000B01A45 /* PulseController.swift in Sources */,
				B73EB1D523BBED3F00081DCD /* QuoteAPI.swift in Sources */,
				B73EB1CE23BBE74600081DCD /* QuoteData.swift in Sources */,
				B7FF254F23C518F900B01A45 /* PulseAnimation.swift in Sources */,
				B78E9CAF23B5C90500BDCA6A /* SceneDelegate.swift in Sources */,
			);
			runOnlyForDeploymentPostprocessing = 0;
		};
		B78E9CBB23B5C90700BDCA6A /* Sources */ = {
			isa = PBXSourcesBuildPhase;
			buildActionMask = 2147483647;
			files = (
				B78E9CC423B5C90700BDCA6A /* AnimationDemoTests.swift in Sources */,
			);
			runOnlyForDeploymentPostprocessing = 0;
		};
/* End PBXSourcesBuildPhase section */

/* Begin PBXTargetDependency section */
		B78E9CC123B5C90700BDCA6A /* PBXTargetDependency */ = {
			isa = PBXTargetDependency;
			target = B78E9CA823B5C90500BDCA6A /* AnimationDemo */;
			targetProxy = B78E9CC023B5C90700BDCA6A /* PBXContainerItemProxy */;
		};
/* End PBXTargetDependency section */

/* Begin PBXVariantGroup section */
		B78E9CB223B5C90500BDCA6A /* Main.storyboard */ = {
			isa = PBXVariantGroup;
			children = (
				B78E9CB323B5C90500BDCA6A /* Base */,
			);
			name = Main.storyboard;
			sourceTree = "<group>";
		};
		B78E9CB723B5C90700BDCA6A /* LaunchScreen.storyboard */ = {
			isa = PBXVariantGroup;
			children = (
				B78E9CB823B5C90700BDCA6A /* Base */,
			);
			name = LaunchScreen.storyboard;
			sourceTree = "<group>";
		};
/* End PBXVariantGroup section */

/* Begin XCBuildConfiguration section */
		B78E9CC623B5C90700BDCA6A /* Debug */ = {
			isa = XCBuildConfiguration;
			buildSettings = {
				ALWAYS_SEARCH_USER_PATHS = NO;
				CLANG_ANALYZER_NONNULL = YES;
				CLANG_ANALYZER_NUMBER_OBJECT_CONVERSION = YES_AGGRESSIVE;
				CLANG_CXX_LANGUAGE_STANDARD = "gnu++14";
				CLANG_CXX_LIBRARY = "libc++";
				CLANG_ENABLE_MODULES = YES;
				CLANG_ENABLE_OBJC_ARC = YES;
				CLANG_ENABLE_OBJC_WEAK = YES;
				CLANG_WARN_BLOCK_CAPTURE_AUTORELEASING = YES;
				CLANG_WARN_BOOL_CONVERSION = YES;
				CLANG_WARN_COMMA = YES;
				CLANG_WARN_CONSTANT_CONVERSION = YES;
				CLANG_WARN_DEPRECATED_OBJC_IMPLEMENTATIONS = YES;
				CLANG_WARN_DIRECT_OBJC_ISA_USAGE = YES_ERROR;
				CLANG_WARN_DOCUMENTATION_COMMENTS = YES;
				CLANG_WARN_EMPTY_BODY = YES;
				CLANG_WARN_ENUM_CONVERSION = YES;
				CLANG_WARN_INFINITE_RECURSION = YES;
				CLANG_WARN_INT_CONVERSION = YES;
				CLANG_WARN_NON_LITERAL_NULL_CONVERSION = YES;
				CLANG_WARN_OBJC_IMPLICIT_RETAIN_SELF = YES;
				CLANG_WARN_OBJC_LITERAL_CONVERSION = YES;
				CLANG_WARN_OBJC_ROOT_CLASS = YES_ERROR;
				CLANG_WARN_RANGE_LOOP_ANALYSIS = YES;
				CLANG_WARN_STRICT_PROTOTYPES = YES;
				CLANG_WARN_SUSPICIOUS_MOVE = YES;
				CLANG_WARN_UNGUARDED_AVAILABILITY = YES_AGGRESSIVE;
				CLANG_WARN_UNREACHABLE_CODE = YES;
				CLANG_WARN__DUPLICATE_METHOD_MATCH = YES;
				COPY_PHASE_STRIP = NO;
				DEBUG_INFORMATION_FORMAT = dwarf;
				ENABLE_STRICT_OBJC_MSGSEND = YES;
				ENABLE_TESTABILITY = YES;
				GCC_C_LANGUAGE_STANDARD = gnu11;
				GCC_DYNAMIC_NO_PIC = NO;
				GCC_NO_COMMON_BLOCKS = YES;
				GCC_OPTIMIZATION_LEVEL = 0;
				GCC_PREPROCESSOR_DEFINITIONS = (
					"DEBUG=1",
					"$(inherited)",
				);
				GCC_WARN_64_TO_32_BIT_CONVERSION = YES;
				GCC_WARN_ABOUT_RETURN_TYPE = YES_ERROR;
				GCC_WARN_UNDECLARED_SELECTOR = YES;
				GCC_WARN_UNINITIALIZED_AUTOS = YES_AGGRESSIVE;
				GCC_WARN_UNUSED_FUNCTION = YES;
				GCC_WARN_UNUSED_VARIABLE = YES;
				IPHONEOS_DEPLOYMENT_TARGET = 13.2;
				MTL_ENABLE_DEBUG_INFO = INCLUDE_SOURCE;
				MTL_FAST_MATH = YES;
				ONLY_ACTIVE_ARCH = YES;
				SDKROOT = iphoneos;
				SWIFT_ACTIVE_COMPILATION_CONDITIONS = DEBUG;
				SWIFT_OPTIMIZATION_LEVEL = "-Onone";
			};
			name = Debug;
		};
		B78E9CC723B5C90700BDCA6A /* Release */ = {
			isa = XCBuildConfiguration;
			buildSettings = {
				ALWAYS_SEARCH_USER_PATHS = NO;
				CLANG_ANALYZER_NONNULL = YES;
				CLANG_ANALYZER_NUMBER_OBJECT_CONVERSION = YES_AGGRESSIVE;
				CLANG_CXX_LANGUAGE_STANDARD = "gnu++14";
				CLANG_CXX_LIBRARY = "libc++";
				CLANG_ENABLE_MODULES = YES;
				CLANG_ENABLE_OBJC_ARC = YES;
				CLANG_ENABLE_OBJC_WEAK = YES;
				CLANG_WARN_BLOCK_CAPTURE_AUTORELEASING = YES;
				CLANG_WARN_BOOL_CONVERSION = YES;
				CLANG_WARN_COMMA = YES;
				CLANG_WARN_CONSTANT_CONVERSION = YES;
				CLANG_WARN_DEPRECATED_OBJC_IMPLEMENTATIONS = YES;
				CLANG_WARN_DIRECT_OBJC_ISA_USAGE = YES_ERROR;
				CLANG_WARN_DOCUMENTATION_COMMENTS = YES;
				CLANG_WARN_EMPTY_BODY = YES;
				CLANG_WARN_ENUM_CONVERSION = YES;
				CLANG_WARN_INFINITE_RECURSION = YES;
				CLANG_WARN_INT_CONVERSION = YES;
				CLANG_WARN_NON_LITERAL_NULL_CONVERSION = YES;
				CLANG_WARN_OBJC_IMPLICIT_RETAIN_SELF = YES;
				CLANG_WARN_OBJC_LITERAL_CONVERSION = YES;
				CLANG_WARN_OBJC_ROOT_CLASS = YES_ERROR;
				CLANG_WARN_RANGE_LOOP_ANALYSIS = YES;
				CLANG_WARN_STRICT_PROTOTYPES = YES;
				CLANG_WARN_SUSPICIOUS_MOVE = YES;
				CLANG_WARN_UNGUARDED_AVAILABILITY = YES_AGGRESSIVE;
				CLANG_WARN_UNREACHABLE_CODE = YES;
				CLANG_WARN__DUPLICATE_METHOD_MATCH = YES;
				COPY_PHASE_STRIP = NO;
				DEBUG_INFORMATION_FORMAT = "dwarf-with-dsym";
				ENABLE_NS_ASSERTIONS = NO;
				ENABLE_STRICT_OBJC_MSGSEND = YES;
				GCC_C_LANGUAGE_STANDARD = gnu11;
				GCC_NO_COMMON_BLOCKS = YES;
				GCC_WARN_64_TO_32_BIT_CONVERSION = YES;
				GCC_WARN_ABOUT_RETURN_TYPE = YES_ERROR;
				GCC_WARN_UNDECLARED_SELECTOR = YES;
				GCC_WARN_UNINITIALIZED_AUTOS = YES_AGGRESSIVE;
				GCC_WARN_UNUSED_FUNCTION = YES;
				GCC_WARN_UNUSED_VARIABLE = YES;
				IPHONEOS_DEPLOYMENT_TARGET = 13.2;
				MTL_ENABLE_DEBUG_INFO = NO;
				MTL_FAST_MATH = YES;
				SDKROOT = iphoneos;
				SWIFT_COMPILATION_MODE = wholemodule;
				SWIFT_OPTIMIZATION_LEVEL = "-O";
				VALIDATE_PRODUCT = YES;
			};
			name = Release;
		};
		B78E9CC923B5C90700BDCA6A /* Debug */ = {
			isa = XCBuildConfiguration;
			buildSettings = {
				ASSETCATALOG_COMPILER_APPICON_NAME = AppIcon;
				CODE_SIGN_STYLE = Automatic;
				DEVELOPMENT_TEAM = 879MP5M96B;
				INFOPLIST_FILE = AnimationDemo/Info.plist;
				LD_RUNPATH_SEARCH_PATHS = (
					"$(inherited)",
					"@executable_path/Frameworks",
				);
				PRODUCT_BUNDLE_IDENTIFIER = com.brendoncecilio.AnimationDemo;
				PRODUCT_NAME = "$(TARGET_NAME)";
				SWIFT_VERSION = 5.0;
				TARGETED_DEVICE_FAMILY = "1,2";
			};
			name = Debug;
		};
		B78E9CCA23B5C90700BDCA6A /* Release */ = {
			isa = XCBuildConfiguration;
			buildSettings = {
				ASSETCATALOG_COMPILER_APPICON_NAME = AppIcon;
				CODE_SIGN_STYLE = Automatic;
				DEVELOPMENT_TEAM = 879MP5M96B;
				INFOPLIST_FILE = AnimationDemo/Info.plist;
				LD_RUNPATH_SEARCH_PATHS = (
					"$(inherited)",
					"@executable_path/Frameworks",
				);
				PRODUCT_BUNDLE_IDENTIFIER = com.brendoncecilio.AnimationDemo;
				PRODUCT_NAME = "$(TARGET_NAME)";
				SWIFT_VERSION = 5.0;
				TARGETED_DEVICE_FAMILY = "1,2";
			};
			name = Release;
		};
		B78E9CCC23B5C90700BDCA6A /* Debug */ = {
			isa = XCBuildConfiguration;
			buildSettings = {
				ALWAYS_EMBED_SWIFT_STANDARD_LIBRARIES = YES;
				BUNDLE_LOADER = "$(TEST_HOST)";
				CODE_SIGN_STYLE = Automatic;
				DEVELOPMENT_TEAM = 879MP5M96B;
				INFOPLIST_FILE = AnimationDemoTests/Info.plist;
				IPHONEOS_DEPLOYMENT_TARGET = 13.2;
				LD_RUNPATH_SEARCH_PATHS = (
					"$(inherited)",
					"@executable_path/Frameworks",
					"@loader_path/Frameworks",
				);
				PRODUCT_BUNDLE_IDENTIFIER = com.brendoncecilio.AnimationDemoTests;
				PRODUCT_NAME = "$(TARGET_NAME)";
				SWIFT_VERSION = 5.0;
				TARGETED_DEVICE_FAMILY = "1,2";
				TEST_HOST = "$(BUILT_PRODUCTS_DIR)/AnimationDemo.app/AnimationDemo";
			};
			name = Debug;
		};
		B78E9CCD23B5C90700BDCA6A /* Release */ = {
			isa = XCBuildConfiguration;
			buildSettings = {
				ALWAYS_EMBED_SWIFT_STANDARD_LIBRARIES = YES;
				BUNDLE_LOADER = "$(TEST_HOST)";
				CODE_SIGN_STYLE = Automatic;
				DEVELOPMENT_TEAM = 879MP5M96B;
				INFOPLIST_FILE = AnimationDemoTests/Info.plist;
				IPHONEOS_DEPLOYMENT_TARGET = 13.2;
				LD_RUNPATH_SEARCH_PATHS = (
					"$(inherited)",
					"@executable_path/Frameworks",
					"@loader_path/Frameworks",
				);
				PRODUCT_BUNDLE_IDENTIFIER = com.brendoncecilio.AnimationDemoTests;
				PRODUCT_NAME = "$(TARGET_NAME)";
				SWIFT_VERSION = 5.0;
				TARGETED_DEVICE_FAMILY = "1,2";
				TEST_HOST = "$(BUILT_PRODUCTS_DIR)/AnimationDemo.app/AnimationDemo";
			};
			name = Release;
		};
/* End XCBuildConfiguration section */

/* Begin XCConfigurationList section */
		B78E9CA423B5C90500BDCA6A /* Build configuration list for PBXProject "AnimationDemo" */ = {
			isa = XCConfigurationList;
			buildConfigurations = (
				B78E9CC623B5C90700BDCA6A /* Debug */,
				B78E9CC723B5C90700BDCA6A /* Release */,
			);
			defaultConfigurationIsVisible = 0;
			defaultConfigurationName = Release;
		};
		B78E9CC823B5C90700BDCA6A /* Build configuration list for PBXNativeTarget "AnimationDemo" */ = {
			isa = XCConfigurationList;
			buildConfigurations = (
				B78E9CC923B5C90700BDCA6A /* Debug */,
				B78E9CCA23B5C90700BDCA6A /* Release */,
			);
			defaultConfigurationIsVisible = 0;
			defaultConfigurationName = Release;
		};
		B78E9CCB23B5C90700BDCA6A /* Build configuration list for PBXNativeTarget "AnimationDemoTests" */ = {
			isa = XCConfigurationList;
			buildConfigurations = (
				B78E9CCC23B5C90700BDCA6A /* Debug */,
				B78E9CCD23B5C90700BDCA6A /* Release */,
			);
			defaultConfigurationIsVisible = 0;
			defaultConfigurationName = Release;
		};
/* End XCConfigurationList section */
	};
	rootObject = B78E9CA123B5C90500BDCA6A /* Project object */;
}
